// !$*UTF8*$!
{
	archiveVersion = 1;
	classes = {
	};
	objectVersion = 52;
	objects = {

/* Begin PBXBuildFile section */
		BC0442CE268AD92F00B49CC8 /* CharacterSheetCompanionApp.swift in Sources */ = {isa = PBXBuildFile; fileRef = BC0442CD268AD92F00B49CC8 /* CharacterSheetCompanionApp.swift */; };
		BC0442D0268AD92F00B49CC8 /* ContentView.swift in Sources */ = {isa = PBXBuildFile; fileRef = BC0442CF268AD92F00B49CC8 /* ContentView.swift */; };
		BC0442D2268AD93000B49CC8 /* Assets.xcassets in Resources */ = {isa = PBXBuildFile; fileRef = BC0442D1268AD93000B49CC8 /* Assets.xcassets */; };
		BC0442D5268AD93000B49CC8 /* Preview Assets.xcassets in Resources */ = {isa = PBXBuildFile; fileRef = BC0442D4268AD93000B49CC8 /* Preview Assets.xcassets */; };
		BC20163526A0FABD009C1CB6 /* AbilityRollModel.swift in Sources */ = {isa = PBXBuildFile; fileRef = BC20163426A0FABD009C1CB6 /* AbilityRollModel.swift */; };
		BC4F094626AF5B7200B7E707 /* ItemDamageRollModel.swift in Sources */ = {isa = PBXBuildFile; fileRef = BC4F094526AF5B7200B7E707 /* ItemDamageRollModel.swift */; };
		BC53CD8726A7664C0021C176 /* CharacterAbilityView.swift in Sources */ = {isa = PBXBuildFile; fileRef = BC53CD8626A7664C0021C176 /* CharacterAbilityView.swift */; };
		BC53CD8926A766600021C176 /* CharacterAbilityViewModel.swift in Sources */ = {isa = PBXBuildFile; fileRef = BC53CD8826A766600021C176 /* CharacterAbilityViewModel.swift */; };
		BC53CD8C26A769B50021C176 /* CharacterSkillView.swift in Sources */ = {isa = PBXBuildFile; fileRef = BC53CD8B26A769B50021C176 /* CharacterSkillView.swift */; };
		BC53CD8E26A769C30021C176 /* CharacterSkillViewModel.swift in Sources */ = {isa = PBXBuildFile; fileRef = BC53CD8D26A769C30021C176 /* CharacterSkillViewModel.swift */; };
		BC53CD9126A76B590021C176 /* CharacterInventoryView.swift in Sources */ = {isa = PBXBuildFile; fileRef = BC53CD9026A76B590021C176 /* CharacterInventoryView.swift */; };
		BC53CD9326A76B680021C176 /* CharacterInventoryViewModel.swift in Sources */ = {isa = PBXBuildFile; fileRef = BC53CD9226A76B680021C176 /* CharacterInventoryViewModel.swift */; };
		BC53CD9626A78BB20021C176 /* CharacterSpellView.swift in Sources */ = {isa = PBXBuildFile; fileRef = BC53CD9526A78BB20021C176 /* CharacterSpellView.swift */; };
		BC53CD9826A78BEC0021C176 /* CharacterSpellViewModel.swift in Sources */ = {isa = PBXBuildFile; fileRef = BC53CD9726A78BEC0021C176 /* CharacterSpellViewModel.swift */; };
		BC78373026B9A09A0031BB64 /* ListenerEvents.swift in Sources */ = {isa = PBXBuildFile; fileRef = BC78372F26B9A09A0031BB64 /* ListenerEvents.swift */; };
		BC78373226B9B6300031BB64 /* SocketListenerUtility.swift in Sources */ = {isa = PBXBuildFile; fileRef = BC78373126B9B6300031BB64 /* SocketListenerUtility.swift */; };
		BC78373426B9DA070031BB64 /* ItemDisplayListener.swift in Sources */ = {isa = PBXBuildFile; fileRef = BC78373326B9DA070031BB64 /* ItemDisplayListener.swift */; };
		BC78373A26B9F16E0031BB64 /* CharacterBiographyView.swift in Sources */ = {isa = PBXBuildFile; fileRef = BC78373926B9F16E0031BB64 /* CharacterBiographyView.swift */; };
		BC78373C26B9F1980031BB64 /* CharacterBiographyViewModel.swift in Sources */ = {isa = PBXBuildFile; fileRef = BC78373B26B9F1980031BB64 /* CharacterBiographyViewModel.swift */; };
		BC7CC2EC26AB4E9700FE2D1E /* UserModel.swift in Sources */ = {isa = PBXBuildFile; fileRef = BC7CC2EB26AB4E9700FE2D1E /* UserModel.swift */; };
		BC7CC2EE26AB4EB300FE2D1E /* UserActorModel.swift in Sources */ = {isa = PBXBuildFile; fileRef = BC7CC2ED26AB4EB300FE2D1E /* UserActorModel.swift */; };
		BC7CC2F026AB5A9500FE2D1E /* WorldDataModel.swift in Sources */ = {isa = PBXBuildFile; fileRef = BC7CC2EF26AB5A9500FE2D1E /* WorldDataModel.swift */; };
		BC7CC2F326AB5CC100FE2D1E /* WorldUserActorViewModel.swift in Sources */ = {isa = PBXBuildFile; fileRef = BC7CC2F226AB5CC100FE2D1E /* WorldUserActorViewModel.swift */; };
		BC7CC2F526AB5CCD00FE2D1E /* WorldUserActorView.swift in Sources */ = {isa = PBXBuildFile; fileRef = BC7CC2F426AB5CCD00FE2D1E /* WorldUserActorView.swift */; };
		BC8E2C2826B89612008619F7 /* AbilityView.swift in Sources */ = {isa = PBXBuildFile; fileRef = BC8E2C2726B89612008619F7 /* AbilityView.swift */; };
		BC8E2C2A26B8963E008619F7 /* CheckboxToggleStyle.swift in Sources */ = {isa = PBXBuildFile; fileRef = BC8E2C2926B8963E008619F7 /* CheckboxToggleStyle.swift */; };
		BC8E2C2C26B8968B008619F7 /* SpellView.swift in Sources */ = {isa = PBXBuildFile; fileRef = BC8E2C2B26B8968B008619F7 /* SpellView.swift */; };
		BC8E2C2E26B89AC0008619F7 /* InitiativeRollModel.swift in Sources */ = {isa = PBXBuildFile; fileRef = BC8E2C2D26B89AC0008619F7 /* InitiativeRollModel.swift */; };
		BC8E2C3126B89C4D008619F7 /* ConnectionListener.swift in Sources */ = {isa = PBXBuildFile; fileRef = BC8E2C3026B89C4D008619F7 /* ConnectionListener.swift */; };
		BC8E2C3326B89C6B008619F7 /* UsersListener.swift in Sources */ = {isa = PBXBuildFile; fileRef = BC8E2C3226B89C6B008619F7 /* UsersListener.swift */; };
		BC8E2C3526B89C7A008619F7 /* UserActorListener.swift in Sources */ = {isa = PBXBuildFile; fileRef = BC8E2C3426B89C7A008619F7 /* UserActorListener.swift */; };
		BC8E2C3726B89C98008619F7 /* ActorListener.swift in Sources */ = {isa = PBXBuildFile; fileRef = BC8E2C3626B89C98008619F7 /* ActorListener.swift */; };
		BC8E2C3926B89CA6008619F7 /* AbilityListener.swift in Sources */ = {isa = PBXBuildFile; fileRef = BC8E2C3826B89CA6008619F7 /* AbilityListener.swift */; };
		BC8E2C3B26B89CB7008619F7 /* SkillListener.swift in Sources */ = {isa = PBXBuildFile; fileRef = BC8E2C3A26B89CB7008619F7 /* SkillListener.swift */; };
		BC8E2C3D26B89CC6008619F7 /* ItemAttackListener.swift in Sources */ = {isa = PBXBuildFile; fileRef = BC8E2C3C26B89CC6008619F7 /* ItemAttackListener.swift */; };
		BC8E2C3F26B89CD8008619F7 /* ItemDamageListener.swift in Sources */ = {isa = PBXBuildFile; fileRef = BC8E2C3E26B89CD8008619F7 /* ItemDamageListener.swift */; };
		BC8E2C4126B89CE6008619F7 /* ItemConsumeListener.swift in Sources */ = {isa = PBXBuildFile; fileRef = BC8E2C4026B89CE6008619F7 /* ItemConsumeListener.swift */; };
		BC8E2C4326B89D04008619F7 /* ItemToolListener.swift in Sources */ = {isa = PBXBuildFile; fileRef = BC8E2C4226B89D04008619F7 /* ItemToolListener.swift */; };
		BC8E2C4526B89D16008619F7 /* WorldDataListener.swift in Sources */ = {isa = PBXBuildFile; fileRef = BC8E2C4426B89D16008619F7 /* WorldDataListener.swift */; };
		BC8E2C4726B89D22008619F7 /* InitiativeListener.swift in Sources */ = {isa = PBXBuildFile; fileRef = BC8E2C4626B89D22008619F7 /* InitiativeListener.swift */; };
		BC8E2C4926B89F92008619F7 /* SocketListener.swift in Sources */ = {isa = PBXBuildFile; fileRef = BC8E2C4826B89F92008619F7 /* SocketListener.swift */; };
		BC8E2C4C26B8A763008619F7 /* ToastUI in Frameworks */ = {isa = PBXBuildFile; productRef = BC8E2C4B26B8A763008619F7 /* ToastUI */; };
		BC8E2C4E26B8A8D6008619F7 /* Stack.swift in Sources */ = {isa = PBXBuildFile; fileRef = BC8E2C4D26B8A8D6008619F7 /* Stack.swift */; };
		BC8FD2CA26A23C51005ECB36 /* SkillRollModel.swift in Sources */ = {isa = PBXBuildFile; fileRef = BC8FD2C926A23C51005ECB36 /* SkillRollModel.swift */; };
		BC914C3926BC82C300296E8D /* ItemDisplayButtonStyle.swift in Sources */ = {isa = PBXBuildFile; fileRef = BC914C3826BC82C300296E8D /* ItemDisplayButtonStyle.swift */; };
		BC914C3B26BC82EB00296E8D /* ItemAttackButtonStyle.swift in Sources */ = {isa = PBXBuildFile; fileRef = BC914C3A26BC82EB00296E8D /* ItemAttackButtonStyle.swift */; };
		BC914C3D26BC832200296E8D /* ItemDamageButtonStyle.swift in Sources */ = {isa = PBXBuildFile; fileRef = BC914C3C26BC832200296E8D /* ItemDamageButtonStyle.swift */; };
		BC914C3F26BC8C5700296E8D /* SpellDialogModel.swift in Sources */ = {isa = PBXBuildFile; fileRef = BC914C3E26BC8C5700296E8D /* SpellDialogModel.swift */; };
		BC914C4126BC954300296E8D /* SpellDialogListener.swift in Sources */ = {isa = PBXBuildFile; fileRef = BC914C4026BC954300296E8D /* SpellDialogListener.swift */; };
		BC914C4326BC9EF900296E8D /* SpellItemAttackSheetView.swift in Sources */ = {isa = PBXBuildFile; fileRef = BC914C4226BC9EF900296E8D /* SpellItemAttackSheetView.swift */; };
		BC914C4526BC9F1700296E8D /* SpellItemDamageSheetView.swift in Sources */ = {isa = PBXBuildFile; fileRef = BC914C4426BC9F1700296E8D /* SpellItemDamageSheetView.swift */; };
		BC914C4726BC9F3700296E8D /* ExpandedSpellView.swift in Sources */ = {isa = PBXBuildFile; fileRef = BC914C4626BC9F3700296E8D /* ExpandedSpellView.swift */; };
		BCAA94C826BAE72B0001FD24 /* ChatView.swift in Sources */ = {isa = PBXBuildFile; fileRef = BCAA94C726BAE72B0001FD24 /* ChatView.swift */; };
		BCAA94CA26BAE7350001FD24 /* ChatViewModel.swift in Sources */ = {isa = PBXBuildFile; fileRef = BCAA94C926BAE7350001FD24 /* ChatViewModel.swift */; };
		BCAA94CC26BAF3A20001FD24 /* ChatMessageListener.swift in Sources */ = {isa = PBXBuildFile; fileRef = BCAA94CB26BAF3A20001FD24 /* ChatMessageListener.swift */; };
		BCAA94D126BAF4850001FD24 /* ChatMessageModel.swift in Sources */ = {isa = PBXBuildFile; fileRef = BCAA94D026BAF4850001FD24 /* ChatMessageModel.swift */; };
		BCAA94D326BB2FEC0001FD24 /* KeyboardResponder.swift in Sources */ = {isa = PBXBuildFile; fileRef = BCAA94D226BB2FEC0001FD24 /* KeyboardResponder.swift */; };
		BCCF05DE26B1EF23004BA09C /* ItemConsumeRollModel.swift in Sources */ = {isa = PBXBuildFile; fileRef = BCCF05DD26B1EF23004BA09C /* ItemConsumeRollModel.swift */; };
		BCCF05E026B20B00004BA09C /* ItemToolRollModel.swift in Sources */ = {isa = PBXBuildFile; fileRef = BCCF05DF26B20B00004BA09C /* ItemToolRollModel.swift */; };
		BCD4D0D526963B1200E991B5 /* ActorTabbedView.swift in Sources */ = {isa = PBXBuildFile; fileRef = BCD4D0D426963B1200E991B5 /* ActorTabbedView.swift */; };
		BCD7ED0B269E2402001D9F88 /* ActorTabbedViewModel.swift in Sources */ = {isa = PBXBuildFile; fileRef = BCD7ED0A269E2402001D9F88 /* ActorTabbedViewModel.swift */; };
		BCE008D42698E3590093EC25 /* SocketEvents.swift in Sources */ = {isa = PBXBuildFile; fileRef = BCE008D32698E3590093EC25 /* SocketEvents.swift */; };
		BCE08583268F6F2D00026F46 /* FoundryConnectViewModel.swift in Sources */ = {isa = PBXBuildFile; fileRef = BCE08582268F6F2D00026F46 /* FoundryConnectViewModel.swift */; };
		BCE08586268F779000026F46 /* SocketIO in Frameworks */ = {isa = PBXBuildFile; productRef = BCE08585268F779000026F46 /* SocketIO */; };
		BCE08588268F97DF00026F46 /* FoundrySocketIOManager.swift in Sources */ = {isa = PBXBuildFile; fileRef = BCE08587268F97DF00026F46 /* FoundrySocketIOManager.swift */; };
		BCE0858A268FD15F00026F46 /* ActorModel.swift in Sources */ = {isa = PBXBuildFile; fileRef = BCE08589268FD15F00026F46 /* ActorModel.swift */; };
		BCF623BD26A8BF63001B1C18 /* ItemAttackRollModel.swift in Sources */ = {isa = PBXBuildFile; fileRef = BCF623BC26A8BF63001B1C18 /* ItemAttackRollModel.swift */; };
		BCF623BF26A8C88D001B1C18 /* ItemDisplayModel.swift in Sources */ = {isa = PBXBuildFile; fileRef = BCF623BE26A8C88D001B1C18 /* ItemDisplayModel.swift */; };
		BCF623C226A8CBD0001B1C18 /* CharacterOverviewView.swift in Sources */ = {isa = PBXBuildFile; fileRef = BCF623C126A8CBD0001B1C18 /* CharacterOverviewView.swift */; };
		BCF623C426A8CBDF001B1C18 /* CharacterOverviewViewModel.swift in Sources */ = {isa = PBXBuildFile; fileRef = BCF623C326A8CBDF001B1C18 /* CharacterOverviewViewModel.swift */; };
		BCF7F4A52694E771009E7A60 /* FoundryConnectView.swift in Sources */ = {isa = PBXBuildFile; fileRef = BCF7F4A42694E770009E7A60 /* FoundryConnectView.swift */; };
		BCF7F4B72694F054009E7A60 /* UnitTests.swift in Sources */ = {isa = PBXBuildFile; fileRef = BCF7F4B62694F054009E7A60 /* UnitTests.swift */; };
/* End PBXBuildFile section */

/* Begin PBXContainerItemProxy section */
		BCF7F4B92694F054009E7A60 /* PBXContainerItemProxy */ = {
			isa = PBXContainerItemProxy;
			containerPortal = BC0442C2268AD92F00B49CC8 /* Project object */;
			proxyType = 1;
			remoteGlobalIDString = BC0442C9268AD92F00B49CC8;
			remoteInfo = CharacterSheetCompanion;
		};
/* End PBXContainerItemProxy section */

/* Begin PBXFileReference section */
		BC0442CA268AD92F00B49CC8 /* CharacterSheetCompanion.app */ = {isa = PBXFileReference; explicitFileType = wrapper.application; includeInIndex = 0; path = CharacterSheetCompanion.app; sourceTree = BUILT_PRODUCTS_DIR; };
		BC0442CD268AD92F00B49CC8 /* CharacterSheetCompanionApp.swift */ = {isa = PBXFileReference; lastKnownFileType = sourcecode.swift; path = CharacterSheetCompanionApp.swift; sourceTree = "<group>"; };
		BC0442CF268AD92F00B49CC8 /* ContentView.swift */ = {isa = PBXFileReference; lastKnownFileType = sourcecode.swift; path = ContentView.swift; sourceTree = "<group>"; };
		BC0442D1268AD93000B49CC8 /* Assets.xcassets */ = {isa = PBXFileReference; lastKnownFileType = folder.assetcatalog; path = Assets.xcassets; sourceTree = "<group>"; };
		BC0442D4268AD93000B49CC8 /* Preview Assets.xcassets */ = {isa = PBXFileReference; lastKnownFileType = folder.assetcatalog; path = "Preview Assets.xcassets"; sourceTree = "<group>"; };
		BC0442D6268AD93000B49CC8 /* Info.plist */ = {isa = PBXFileReference; lastKnownFileType = text.plist.xml; path = Info.plist; sourceTree = "<group>"; };
		BC20163426A0FABD009C1CB6 /* AbilityRollModel.swift */ = {isa = PBXFileReference; lastKnownFileType = sourcecode.swift; path = AbilityRollModel.swift; sourceTree = "<group>"; };
		BC4F094526AF5B7200B7E707 /* ItemDamageRollModel.swift */ = {isa = PBXFileReference; lastKnownFileType = sourcecode.swift; path = ItemDamageRollModel.swift; sourceTree = "<group>"; };
		BC53CD8626A7664C0021C176 /* CharacterAbilityView.swift */ = {isa = PBXFileReference; lastKnownFileType = sourcecode.swift; path = CharacterAbilityView.swift; sourceTree = "<group>"; };
		BC53CD8826A766600021C176 /* CharacterAbilityViewModel.swift */ = {isa = PBXFileReference; lastKnownFileType = sourcecode.swift; path = CharacterAbilityViewModel.swift; sourceTree = "<group>"; };
		BC53CD8B26A769B50021C176 /* CharacterSkillView.swift */ = {isa = PBXFileReference; lastKnownFileType = sourcecode.swift; path = CharacterSkillView.swift; sourceTree = "<group>"; };
		BC53CD8D26A769C30021C176 /* CharacterSkillViewModel.swift */ = {isa = PBXFileReference; lastKnownFileType = sourcecode.swift; path = CharacterSkillViewModel.swift; sourceTree = "<group>"; };
		BC53CD9026A76B590021C176 /* CharacterInventoryView.swift */ = {isa = PBXFileReference; lastKnownFileType = sourcecode.swift; path = CharacterInventoryView.swift; sourceTree = "<group>"; };
		BC53CD9226A76B680021C176 /* CharacterInventoryViewModel.swift */ = {isa = PBXFileReference; lastKnownFileType = sourcecode.swift; path = CharacterInventoryViewModel.swift; sourceTree = "<group>"; };
		BC53CD9526A78BB20021C176 /* CharacterSpellView.swift */ = {isa = PBXFileReference; lastKnownFileType = sourcecode.swift; path = CharacterSpellView.swift; sourceTree = "<group>"; };
		BC53CD9726A78BEC0021C176 /* CharacterSpellViewModel.swift */ = {isa = PBXFileReference; lastKnownFileType = sourcecode.swift; path = CharacterSpellViewModel.swift; sourceTree = "<group>"; };
		BC78372F26B9A09A0031BB64 /* ListenerEvents.swift */ = {isa = PBXFileReference; lastKnownFileType = sourcecode.swift; path = ListenerEvents.swift; sourceTree = "<group>"; };
		BC78373126B9B6300031BB64 /* SocketListenerUtility.swift */ = {isa = PBXFileReference; lastKnownFileType = sourcecode.swift; path = SocketListenerUtility.swift; sourceTree = "<group>"; };
		BC78373326B9DA070031BB64 /* ItemDisplayListener.swift */ = {isa = PBXFileReference; lastKnownFileType = sourcecode.swift; path = ItemDisplayListener.swift; sourceTree = "<group>"; };
		BC78373926B9F16E0031BB64 /* CharacterBiographyView.swift */ = {isa = PBXFileReference; lastKnownFileType = sourcecode.swift; path = CharacterBiographyView.swift; sourceTree = "<group>"; };
		BC78373B26B9F1980031BB64 /* CharacterBiographyViewModel.swift */ = {isa = PBXFileReference; lastKnownFileType = sourcecode.swift; path = CharacterBiographyViewModel.swift; sourceTree = "<group>"; };
		BC7CC2EB26AB4E9700FE2D1E /* UserModel.swift */ = {isa = PBXFileReference; lastKnownFileType = sourcecode.swift; path = UserModel.swift; sourceTree = "<group>"; };
		BC7CC2ED26AB4EB300FE2D1E /* UserActorModel.swift */ = {isa = PBXFileReference; lastKnownFileType = sourcecode.swift; path = UserActorModel.swift; sourceTree = "<group>"; };
		BC7CC2EF26AB5A9500FE2D1E /* WorldDataModel.swift */ = {isa = PBXFileReference; lastKnownFileType = sourcecode.swift; path = WorldDataModel.swift; sourceTree = "<group>"; };
		BC7CC2F226AB5CC100FE2D1E /* WorldUserActorViewModel.swift */ = {isa = PBXFileReference; lastKnownFileType = sourcecode.swift; path = WorldUserActorViewModel.swift; sourceTree = "<group>"; };
		BC7CC2F426AB5CCD00FE2D1E /* WorldUserActorView.swift */ = {isa = PBXFileReference; lastKnownFileType = sourcecode.swift; path = WorldUserActorView.swift; sourceTree = "<group>"; };
		BC8E2C2726B89612008619F7 /* AbilityView.swift */ = {isa = PBXFileReference; lastKnownFileType = sourcecode.swift; path = AbilityView.swift; sourceTree = "<group>"; };
		BC8E2C2926B8963E008619F7 /* CheckboxToggleStyle.swift */ = {isa = PBXFileReference; lastKnownFileType = sourcecode.swift; path = CheckboxToggleStyle.swift; sourceTree = "<group>"; };
		BC8E2C2B26B8968B008619F7 /* SpellView.swift */ = {isa = PBXFileReference; lastKnownFileType = sourcecode.swift; path = SpellView.swift; sourceTree = "<group>"; };
		BC8E2C2D26B89AC0008619F7 /* InitiativeRollModel.swift */ = {isa = PBXFileReference; lastKnownFileType = sourcecode.swift; path = InitiativeRollModel.swift; sourceTree = "<group>"; };
		BC8E2C3026B89C4D008619F7 /* ConnectionListener.swift */ = {isa = PBXFileReference; lastKnownFileType = sourcecode.swift; path = ConnectionListener.swift; sourceTree = "<group>"; };
		BC8E2C3226B89C6B008619F7 /* UsersListener.swift */ = {isa = PBXFileReference; lastKnownFileType = sourcecode.swift; path = UsersListener.swift; sourceTree = "<group>"; };
		BC8E2C3426B89C7A008619F7 /* UserActorListener.swift */ = {isa = PBXFileReference; lastKnownFileType = sourcecode.swift; path = UserActorListener.swift; sourceTree = "<group>"; };
		BC8E2C3626B89C98008619F7 /* ActorListener.swift */ = {isa = PBXFileReference; lastKnownFileType = sourcecode.swift; path = ActorListener.swift; sourceTree = "<group>"; };
		BC8E2C3826B89CA6008619F7 /* AbilityListener.swift */ = {isa = PBXFileReference; lastKnownFileType = sourcecode.swift; path = AbilityListener.swift; sourceTree = "<group>"; };
		BC8E2C3A26B89CB7008619F7 /* SkillListener.swift */ = {isa = PBXFileReference; lastKnownFileType = sourcecode.swift; path = SkillListener.swift; sourceTree = "<group>"; };
		BC8E2C3C26B89CC6008619F7 /* ItemAttackListener.swift */ = {isa = PBXFileReference; lastKnownFileType = sourcecode.swift; path = ItemAttackListener.swift; sourceTree = "<group>"; };
		BC8E2C3E26B89CD8008619F7 /* ItemDamageListener.swift */ = {isa = PBXFileReference; lastKnownFileType = sourcecode.swift; path = ItemDamageListener.swift; sourceTree = "<group>"; };
		BC8E2C4026B89CE6008619F7 /* ItemConsumeListener.swift */ = {isa = PBXFileReference; lastKnownFileType = sourcecode.swift; path = ItemConsumeListener.swift; sourceTree = "<group>"; };
		BC8E2C4226B89D04008619F7 /* ItemToolListener.swift */ = {isa = PBXFileReference; lastKnownFileType = sourcecode.swift; path = ItemToolListener.swift; sourceTree = "<group>"; };
		BC8E2C4426B89D16008619F7 /* WorldDataListener.swift */ = {isa = PBXFileReference; lastKnownFileType = sourcecode.swift; path = WorldDataListener.swift; sourceTree = "<group>"; };
		BC8E2C4626B89D22008619F7 /* InitiativeListener.swift */ = {isa = PBXFileReference; lastKnownFileType = sourcecode.swift; path = InitiativeListener.swift; sourceTree = "<group>"; };
		BC8E2C4826B89F92008619F7 /* SocketListener.swift */ = {isa = PBXFileReference; lastKnownFileType = sourcecode.swift; path = SocketListener.swift; sourceTree = "<group>"; };
		BC8E2C4D26B8A8D6008619F7 /* Stack.swift */ = {isa = PBXFileReference; lastKnownFileType = sourcecode.swift; path = Stack.swift; sourceTree = "<group>"; };
		BC8FD2C926A23C51005ECB36 /* SkillRollModel.swift */ = {isa = PBXFileReference; lastKnownFileType = sourcecode.swift; path = SkillRollModel.swift; sourceTree = "<group>"; };
		BC914C3826BC82C300296E8D /* ItemDisplayButtonStyle.swift */ = {isa = PBXFileReference; lastKnownFileType = sourcecode.swift; path = ItemDisplayButtonStyle.swift; sourceTree = "<group>"; };
		BC914C3A26BC82EB00296E8D /* ItemAttackButtonStyle.swift */ = {isa = PBXFileReference; lastKnownFileType = sourcecode.swift; path = ItemAttackButtonStyle.swift; sourceTree = "<group>"; };
		BC914C3C26BC832200296E8D /* ItemDamageButtonStyle.swift */ = {isa = PBXFileReference; lastKnownFileType = sourcecode.swift; path = ItemDamageButtonStyle.swift; sourceTree = "<group>"; };
		BC914C3E26BC8C5700296E8D /* SpellDialogModel.swift */ = {isa = PBXFileReference; lastKnownFileType = sourcecode.swift; path = SpellDialogModel.swift; sourceTree = "<group>"; };
		BC914C4026BC954300296E8D /* SpellDialogListener.swift */ = {isa = PBXFileReference; lastKnownFileType = sourcecode.swift; path = SpellDialogListener.swift; sourceTree = "<group>"; };
		BC914C4226BC9EF900296E8D /* SpellItemAttackSheetView.swift */ = {isa = PBXFileReference; lastKnownFileType = sourcecode.swift; path = SpellItemAttackSheetView.swift; sourceTree = "<group>"; };
		BC914C4426BC9F1700296E8D /* SpellItemDamageSheetView.swift */ = {isa = PBXFileReference; lastKnownFileType = sourcecode.swift; path = SpellItemDamageSheetView.swift; sourceTree = "<group>"; };
		BC914C4626BC9F3700296E8D /* ExpandedSpellView.swift */ = {isa = PBXFileReference; lastKnownFileType = sourcecode.swift; path = ExpandedSpellView.swift; sourceTree = "<group>"; };
		BCAA94C726BAE72B0001FD24 /* ChatView.swift */ = {isa = PBXFileReference; lastKnownFileType = sourcecode.swift; path = ChatView.swift; sourceTree = "<group>"; };
		BCAA94C926BAE7350001FD24 /* ChatViewModel.swift */ = {isa = PBXFileReference; lastKnownFileType = sourcecode.swift; path = ChatViewModel.swift; sourceTree = "<group>"; };
		BCAA94CB26BAF3A20001FD24 /* ChatMessageListener.swift */ = {isa = PBXFileReference; lastKnownFileType = sourcecode.swift; path = ChatMessageListener.swift; sourceTree = "<group>"; };
		BCAA94D026BAF4850001FD24 /* ChatMessageModel.swift */ = {isa = PBXFileReference; lastKnownFileType = sourcecode.swift; path = ChatMessageModel.swift; sourceTree = "<group>"; };
		BCAA94D226BB2FEC0001FD24 /* KeyboardResponder.swift */ = {isa = PBXFileReference; lastKnownFileType = sourcecode.swift; path = KeyboardResponder.swift; sourceTree = "<group>"; };
		BCCF05DD26B1EF23004BA09C /* ItemConsumeRollModel.swift */ = {isa = PBXFileReference; lastKnownFileType = sourcecode.swift; path = ItemConsumeRollModel.swift; sourceTree = "<group>"; };
		BCCF05DF26B20B00004BA09C /* ItemToolRollModel.swift */ = {isa = PBXFileReference; lastKnownFileType = sourcecode.swift; path = ItemToolRollModel.swift; sourceTree = "<group>"; };
		BCD4D0D426963B1200E991B5 /* ActorTabbedView.swift */ = {isa = PBXFileReference; lastKnownFileType = sourcecode.swift; path = ActorTabbedView.swift; sourceTree = "<group>"; };
		BCD7ED0A269E2402001D9F88 /* ActorTabbedViewModel.swift */ = {isa = PBXFileReference; lastKnownFileType = sourcecode.swift; path = ActorTabbedViewModel.swift; sourceTree = "<group>"; };
		BCE008D32698E3590093EC25 /* SocketEvents.swift */ = {isa = PBXFileReference; lastKnownFileType = sourcecode.swift; path = SocketEvents.swift; sourceTree = "<group>"; };
		BCE08582268F6F2D00026F46 /* FoundryConnectViewModel.swift */ = {isa = PBXFileReference; lastKnownFileType = sourcecode.swift; path = FoundryConnectViewModel.swift; sourceTree = "<group>"; };
		BCE08587268F97DF00026F46 /* FoundrySocketIOManager.swift */ = {isa = PBXFileReference; lastKnownFileType = sourcecode.swift; path = FoundrySocketIOManager.swift; sourceTree = "<group>"; };
		BCE08589268FD15F00026F46 /* ActorModel.swift */ = {isa = PBXFileReference; lastKnownFileType = sourcecode.swift; path = ActorModel.swift; sourceTree = "<group>"; };
		BCF623BC26A8BF63001B1C18 /* ItemAttackRollModel.swift */ = {isa = PBXFileReference; lastKnownFileType = sourcecode.swift; path = ItemAttackRollModel.swift; sourceTree = "<group>"; };
		BCF623BE26A8C88D001B1C18 /* ItemDisplayModel.swift */ = {isa = PBXFileReference; lastKnownFileType = sourcecode.swift; path = ItemDisplayModel.swift; sourceTree = "<group>"; };
		BCF623C126A8CBD0001B1C18 /* CharacterOverviewView.swift */ = {isa = PBXFileReference; lastKnownFileType = sourcecode.swift; path = CharacterOverviewView.swift; sourceTree = "<group>"; };
		BCF623C326A8CBDF001B1C18 /* CharacterOverviewViewModel.swift */ = {isa = PBXFileReference; lastKnownFileType = sourcecode.swift; path = CharacterOverviewViewModel.swift; sourceTree = "<group>"; };
		BCF7F4A42694E770009E7A60 /* FoundryConnectView.swift */ = {isa = PBXFileReference; lastKnownFileType = sourcecode.swift; path = FoundryConnectView.swift; sourceTree = "<group>"; };
		BCF7F4B42694F054009E7A60 /* UnitTests.xctest */ = {isa = PBXFileReference; explicitFileType = wrapper.cfbundle; includeInIndex = 0; path = UnitTests.xctest; sourceTree = BUILT_PRODUCTS_DIR; };
		BCF7F4B62694F054009E7A60 /* UnitTests.swift */ = {isa = PBXFileReference; lastKnownFileType = sourcecode.swift; path = UnitTests.swift; sourceTree = "<group>"; };
		BCF7F4B82694F054009E7A60 /* Info.plist */ = {isa = PBXFileReference; lastKnownFileType = text.plist.xml; path = Info.plist; sourceTree = "<group>"; };
/* End PBXFileReference section */

/* Begin PBXFrameworksBuildPhase section */
		BC0442C7268AD92F00B49CC8 /* Frameworks */ = {
			isa = PBXFrameworksBuildPhase;
			buildActionMask = 2147483647;
			files = (
				BC8E2C4C26B8A763008619F7 /* ToastUI in Frameworks */,
				BCE08586268F779000026F46 /* SocketIO in Frameworks */,
			);
			runOnlyForDeploymentPostprocessing = 0;
		};
		BCF7F4B12694F054009E7A60 /* Frameworks */ = {
			isa = PBXFrameworksBuildPhase;
			buildActionMask = 2147483647;
			files = (
			);
			runOnlyForDeploymentPostprocessing = 0;
		};
/* End PBXFrameworksBuildPhase section */

/* Begin PBXGroup section */
		BC0442C1268AD92F00B49CC8 = {
			isa = PBXGroup;
			children = (
				BC0442CC268AD92F00B49CC8 /* CharacterSheetCompanion */,
				BCF7F4B52694F054009E7A60 /* UnitTests */,
				BC0442CB268AD92F00B49CC8 /* Products */,
			);
			sourceTree = "<group>";
		};
		BC0442CB268AD92F00B49CC8 /* Products */ = {
			isa = PBXGroup;
			children = (
				BC0442CA268AD92F00B49CC8 /* CharacterSheetCompanion.app */,
				BCF7F4B42694F054009E7A60 /* UnitTests.xctest */,
			);
			name = Products;
			sourceTree = "<group>";
		};
		BC0442CC268AD92F00B49CC8 /* CharacterSheetCompanion */ = {
			isa = PBXGroup;
			children = (
				BCF7F4AB2694ED21009E7A60 /* Services */,
				BCF7F4A82694EAC7009E7A60 /* UI */,
				BCF7F4A72694E938009E7A60 /* Resources */,
				BCF7F4A62694E8A9009E7A60 /* Models */,
				BC0442CD268AD92F00B49CC8 /* CharacterSheetCompanionApp.swift */,
			);
			path = CharacterSheetCompanion;
			sourceTree = "<group>";
		};
		BC0442D3268AD93000B49CC8 /* PreviewContent */ = {
			isa = PBXGroup;
			children = (
				BC0442D4268AD93000B49CC8 /* Preview Assets.xcassets */,
			);
			path = PreviewContent;
			sourceTree = "<group>";
		};
		BC53CD8526A766320021C176 /* CharacterAbilityView */ = {
			isa = PBXGroup;
			children = (
				BC53CD8626A7664C0021C176 /* CharacterAbilityView.swift */,
				BC53CD8826A766600021C176 /* CharacterAbilityViewModel.swift */,
				BC8E2C2726B89612008619F7 /* AbilityView.swift */,
			);
			path = CharacterAbilityView;
			sourceTree = "<group>";
		};
		BC53CD8A26A769980021C176 /* CharacterSkillView */ = {
			isa = PBXGroup;
			children = (
				BC53CD8B26A769B50021C176 /* CharacterSkillView.swift */,
				BC53CD8D26A769C30021C176 /* CharacterSkillViewModel.swift */,
			);
			path = CharacterSkillView;
			sourceTree = "<group>";
		};
		BC53CD8F26A76B400021C176 /* CharacterEquipmentView */ = {
			isa = PBXGroup;
			children = (
				BC53CD9026A76B590021C176 /* CharacterInventoryView.swift */,
				BC53CD9226A76B680021C176 /* CharacterInventoryViewModel.swift */,
			);
			path = CharacterEquipmentView;
			sourceTree = "<group>";
		};
		BC53CD9426A78B9A0021C176 /* CharacterSpellView */ = {
			isa = PBXGroup;
			children = (
				BC53CD9526A78BB20021C176 /* CharacterSpellView.swift */,
				BC53CD9726A78BEC0021C176 /* CharacterSpellViewModel.swift */,
				BC8E2C2B26B8968B008619F7 /* SpellView.swift */,
				BC914C4226BC9EF900296E8D /* SpellItemAttackSheetView.swift */,
				BC914C4426BC9F1700296E8D /* SpellItemDamageSheetView.swift */,
				BC914C4626BC9F3700296E8D /* ExpandedSpellView.swift */,
			);
			path = CharacterSpellView;
			sourceTree = "<group>";
		};
		BC78373526B9F0720031BB64 /* SetupListeners */ = {
			isa = PBXGroup;
			children = (
				BC8E2C4426B89D16008619F7 /* WorldDataListener.swift */,
				BC8E2C3626B89C98008619F7 /* ActorListener.swift */,
				BC8E2C3426B89C7A008619F7 /* UserActorListener.swift */,
				BC8E2C3026B89C4D008619F7 /* ConnectionListener.swift */,
				BC8E2C3226B89C6B008619F7 /* UsersListener.swift */,
			);
			path = SetupListeners;
			sourceTree = "<group>";
		};
		BC78373626B9F07C0031BB64 /* RollListeners */ = {
			isa = PBXGroup;
			children = (
				BC8E2C4626B89D22008619F7 /* InitiativeListener.swift */,
				BC8E2C4226B89D04008619F7 /* ItemToolListener.swift */,
				BC8E2C4026B89CE6008619F7 /* ItemConsumeListener.swift */,
				BC8E2C3E26B89CD8008619F7 /* ItemDamageListener.swift */,
				BC8E2C3C26B89CC6008619F7 /* ItemAttackListener.swift */,
				BC8E2C3A26B89CB7008619F7 /* SkillListener.swift */,
				BC8E2C3826B89CA6008619F7 /* AbilityListener.swift */,
			);
			path = RollListeners;
			sourceTree = "<group>";
		};
		BC78373726B9F0A90031BB64 /* DisplayListeners */ = {
			isa = PBXGroup;
			children = (
				BC78373326B9DA070031BB64 /* ItemDisplayListener.swift */,
				BCAA94CB26BAF3A20001FD24 /* ChatMessageListener.swift */,
				BC914C4026BC954300296E8D /* SpellDialogListener.swift */,
			);
			path = DisplayListeners;
			sourceTree = "<group>";
		};
		BC78373826B9F15A0031BB64 /* CharaterBiographyView */ = {
			isa = PBXGroup;
			children = (
				BC78373926B9F16E0031BB64 /* CharacterBiographyView.swift */,
				BC78373B26B9F1980031BB64 /* CharacterBiographyViewModel.swift */,
			);
			path = CharaterBiographyView;
			sourceTree = "<group>";
		};
		BC7CC2F126AB5CA800FE2D1E /* WorldUserActorView */ = {
			isa = PBXGroup;
			children = (
				BC7CC2F226AB5CC100FE2D1E /* WorldUserActorViewModel.swift */,
				BC7CC2F426AB5CCD00FE2D1E /* WorldUserActorView.swift */,
			);
			path = WorldUserActorView;
			sourceTree = "<group>";
		};
		BC8E2C2F26B89C2D008619F7 /* SocketListeners */ = {
			isa = PBXGroup;
			children = (
				BC78373726B9F0A90031BB64 /* DisplayListeners */,
				BC78373626B9F07C0031BB64 /* RollListeners */,
				BC78373526B9F0720031BB64 /* SetupListeners */,
				BC8E2C4826B89F92008619F7 /* SocketListener.swift */,
				BC78373126B9B6300031BB64 /* SocketListenerUtility.swift */,
			);
			path = SocketListeners;
			sourceTree = "<group>";
		};
		BC914C3726BC82B600296E8D /* ButtonStyles */ = {
			isa = PBXGroup;
			children = (
				BC914C3826BC82C300296E8D /* ItemDisplayButtonStyle.swift */,
				BC914C3A26BC82EB00296E8D /* ItemAttackButtonStyle.swift */,
				BC914C3C26BC832200296E8D /* ItemDamageButtonStyle.swift */,
			);
			path = ButtonStyles;
			sourceTree = "<group>";
		};
		BCAA94C626BAE70C0001FD24 /* ChatView */ = {
			isa = PBXGroup;
			children = (
				BCAA94D426BB30040001FD24 /* Helper */,
				BCAA94C726BAE72B0001FD24 /* ChatView.swift */,
				BCAA94C926BAE7350001FD24 /* ChatViewModel.swift */,
			);
			path = ChatView;
			sourceTree = "<group>";
		};
		BCAA94CD26BAF43C0001FD24 /* SetupModel */ = {
			isa = PBXGroup;
			children = (
				BCE08589268FD15F00026F46 /* ActorModel.swift */,
				BC7CC2ED26AB4EB300FE2D1E /* UserActorModel.swift */,
				BC7CC2EF26AB5A9500FE2D1E /* WorldDataModel.swift */,
				BC7CC2EB26AB4E9700FE2D1E /* UserModel.swift */,
			);
			path = SetupModel;
			sourceTree = "<group>";
		};
		BCAA94CE26BAF4520001FD24 /* RollModel */ = {
			isa = PBXGroup;
			children = (
				BC8E2C2D26B89AC0008619F7 /* InitiativeRollModel.swift */,
				BCCF05DF26B20B00004BA09C /* ItemToolRollModel.swift */,
				BCCF05DD26B1EF23004BA09C /* ItemConsumeRollModel.swift */,
				BC4F094526AF5B7200B7E707 /* ItemDamageRollModel.swift */,
				BC20163426A0FABD009C1CB6 /* AbilityRollModel.swift */,
				BC8FD2C926A23C51005ECB36 /* SkillRollModel.swift */,
				BCF623BC26A8BF63001B1C18 /* ItemAttackRollModel.swift */,
			);
			path = RollModel;
			sourceTree = "<group>";
		};
		BCAA94CF26BAF4690001FD24 /* DisplayModel */ = {
			isa = PBXGroup;
			children = (
				BCF623BE26A8C88D001B1C18 /* ItemDisplayModel.swift */,
				BCAA94D026BAF4850001FD24 /* ChatMessageModel.swift */,
				BC914C3E26BC8C5700296E8D /* SpellDialogModel.swift */,
			);
			path = DisplayModel;
			sourceTree = "<group>";
		};
		BCAA94D426BB30040001FD24 /* Helper */ = {
			isa = PBXGroup;
			children = (
				BCAA94D226BB2FEC0001FD24 /* KeyboardResponder.swift */,
			);
			path = Helper;
			sourceTree = "<group>";
		};
		BCD4D0D326963AEC00E991B5 /* ActorTabbedView */ = {
			isa = PBXGroup;
			children = (
				BCAA94C626BAE70C0001FD24 /* ChatView */,
				BC78373826B9F15A0031BB64 /* CharaterBiographyView */,
				BCF623C026A8CBC0001B1C18 /* CharacterOverviewView */,
				BC53CD9426A78B9A0021C176 /* CharacterSpellView */,
				BC53CD8F26A76B400021C176 /* CharacterEquipmentView */,
				BC53CD8A26A769980021C176 /* CharacterSkillView */,
				BC53CD8526A766320021C176 /* CharacterAbilityView */,
				BCD4D0D426963B1200E991B5 /* ActorTabbedView.swift */,
				BCD7ED0A269E2402001D9F88 /* ActorTabbedViewModel.swift */,
			);
			path = ActorTabbedView;
			sourceTree = "<group>";
		};
		BCF623C026A8CBC0001B1C18 /* CharacterOverviewView */ = {
			isa = PBXGroup;
			children = (
				BCF623C126A8CBD0001B1C18 /* CharacterOverviewView.swift */,
				BCF623C326A8CBDF001B1C18 /* CharacterOverviewViewModel.swift */,
			);
			path = CharacterOverviewView;
			sourceTree = "<group>";
		};
		BCF7F4A62694E8A9009E7A60 /* Models */ = {
			isa = PBXGroup;
			children = (
				BCAA94CF26BAF4690001FD24 /* DisplayModel */,
				BCAA94CE26BAF4520001FD24 /* RollModel */,
				BCAA94CD26BAF43C0001FD24 /* SetupModel */,
			);
			path = Models;
			sourceTree = "<group>";
		};
		BCF7F4A72694E938009E7A60 /* Resources */ = {
			isa = PBXGroup;
			children = (
				BC0442D3268AD93000B49CC8 /* PreviewContent */,
				BC0442D6268AD93000B49CC8 /* Info.plist */,
				BC0442D1268AD93000B49CC8 /* Assets.xcassets */,
			);
			path = Resources;
			sourceTree = "<group>";
		};
		BCF7F4A82694EAC7009E7A60 /* UI */ = {
			isa = PBXGroup;
			children = (
				BCF7F4D2269502B4009E7A60 /* Components */,
				BCF7F4A92694EBE6009E7A60 /* Screens */,
				BC0442CF268AD92F00B49CC8 /* ContentView.swift */,
			);
			path = UI;
			sourceTree = "<group>";
		};
		BCF7F4A92694EBE6009E7A60 /* Screens */ = {
			isa = PBXGroup;
			children = (
				BC7CC2F126AB5CA800FE2D1E /* WorldUserActorView */,
				BCF7F4C02694F42B009E7A60 /* ConnectView */,
				BCD4D0D326963AEC00E991B5 /* ActorTabbedView */,
			);
			path = Screens;
			sourceTree = "<group>";
		};
		BCF7F4AB2694ED21009E7A60 /* Services */ = {
			isa = PBXGroup;
			children = (
				BC8E2C2F26B89C2D008619F7 /* SocketListeners */,
				BCE008D32698E3590093EC25 /* SocketEvents.swift */,
				BCE08587268F97DF00026F46 /* FoundrySocketIOManager.swift */,
				BC78372F26B9A09A0031BB64 /* ListenerEvents.swift */,
			);
			path = Services;
			sourceTree = "<group>";
		};
		BCF7F4B52694F054009E7A60 /* UnitTests */ = {
			isa = PBXGroup;
			children = (
				BCF7F4BF2694F07F009E7A60 /* Resources */,
				BCF7F4B62694F054009E7A60 /* UnitTests.swift */,
			);
			path = UnitTests;
			sourceTree = "<group>";
		};
		BCF7F4BF2694F07F009E7A60 /* Resources */ = {
			isa = PBXGroup;
			children = (
				BCF7F4B82694F054009E7A60 /* Info.plist */,
			);
			path = Resources;
			sourceTree = "<group>";
		};
		BCF7F4C02694F42B009E7A60 /* ConnectView */ = {
			isa = PBXGroup;
			children = (
				BCF7F4A42694E770009E7A60 /* FoundryConnectView.swift */,
				BCE08582268F6F2D00026F46 /* FoundryConnectViewModel.swift */,
			);
			path = ConnectView;
			sourceTree = "<group>";
		};
		BCF7F4D2269502B4009E7A60 /* Components */ = {
			isa = PBXGroup;
			children = (
				BC914C3726BC82B600296E8D /* ButtonStyles */,
				BC8E2C2926B8963E008619F7 /* CheckboxToggleStyle.swift */,
				BC8E2C4D26B8A8D6008619F7 /* Stack.swift */,
			);
			path = Components;
			sourceTree = "<group>";
		};
/* End PBXGroup section */

/* Begin PBXNativeTarget section */
		BC0442C9268AD92F00B49CC8 /* CharacterSheetCompanion */ = {
			isa = PBXNativeTarget;
			buildConfigurationList = BC0442EF268AD93000B49CC8 /* Build configuration list for PBXNativeTarget "CharacterSheetCompanion" */;
			buildPhases = (
				BC09FC7026BDAEF5001876E0 /* ShellScript */,
				BC0442C6268AD92F00B49CC8 /* Sources */,
				BC0442C7268AD92F00B49CC8 /* Frameworks */,
				BC0442C8268AD92F00B49CC8 /* Resources */,
			);
			buildRules = (
			);
			dependencies = (
			);
			name = CharacterSheetCompanion;
			packageProductDependencies = (
				BCE08585268F779000026F46 /* SocketIO */,
				BC8E2C4B26B8A763008619F7 /* ToastUI */,
			);
			productName = CharacterSheetCompanion;
			productReference = BC0442CA268AD92F00B49CC8 /* CharacterSheetCompanion.app */;
			productType = "com.apple.product-type.application";
		};
		BCF7F4B32694F054009E7A60 /* UnitTests */ = {
			isa = PBXNativeTarget;
			buildConfigurationList = BCF7F4BB2694F054009E7A60 /* Build configuration list for PBXNativeTarget "UnitTests" */;
			buildPhases = (
				BCF7F4B02694F054009E7A60 /* Sources */,
				BCF7F4B12694F054009E7A60 /* Frameworks */,
				BCF7F4B22694F054009E7A60 /* Resources */,
			);
			buildRules = (
			);
			dependencies = (
				BCF7F4BA2694F054009E7A60 /* PBXTargetDependency */,
			);
			name = UnitTests;
			productName = UnitTests;
			productReference = BCF7F4B42694F054009E7A60 /* UnitTests.xctest */;
			productType = "com.apple.product-type.bundle.unit-test";
		};
/* End PBXNativeTarget section */

/* Begin PBXProject section */
		BC0442C2268AD92F00B49CC8 /* Project object */ = {
			isa = PBXProject;
			attributes = {
				LastSwiftUpdateCheck = 1250;
				LastUpgradeCheck = 1250;
				TargetAttributes = {
					BC0442C9268AD92F00B49CC8 = {
						CreatedOnToolsVersion = 12.5.1;
					};
					BCF7F4B32694F054009E7A60 = {
						CreatedOnToolsVersion = 12.5.1;
						TestTargetID = BC0442C9268AD92F00B49CC8;
					};
				};
			};
			buildConfigurationList = BC0442C5268AD92F00B49CC8 /* Build configuration list for PBXProject "CharacterSheetCompanion" */;
			compatibilityVersion = "Xcode 9.3";
			developmentRegion = en;
			hasScannedForEncodings = 0;
			knownRegions = (
				en,
				Base,
			);
			mainGroup = BC0442C1268AD92F00B49CC8;
			packageReferences = (
				BCE08584268F779000026F46 /* XCRemoteSwiftPackageReference "socket.io-client-swift" */,
				BC8E2C4A26B8A763008619F7 /* XCRemoteSwiftPackageReference "ToastUI" */,
			);
			productRefGroup = BC0442CB268AD92F00B49CC8 /* Products */;
			projectDirPath = "";
			projectRoot = "";
			targets = (
				BC0442C9268AD92F00B49CC8 /* CharacterSheetCompanion */,
				BCF7F4B32694F054009E7A60 /* UnitTests */,
			);
		};
/* End PBXProject section */

/* Begin PBXResourcesBuildPhase section */
		BC0442C8268AD92F00B49CC8 /* Resources */ = {
			isa = PBXResourcesBuildPhase;
			buildActionMask = 2147483647;
			files = (
				BC0442D5268AD93000B49CC8 /* Preview Assets.xcassets in Resources */,
				BC0442D2268AD93000B49CC8 /* Assets.xcassets in Resources */,
			);
			runOnlyForDeploymentPostprocessing = 0;
		};
		BCF7F4B22694F054009E7A60 /* Resources */ = {
			isa = PBXResourcesBuildPhase;
			buildActionMask = 2147483647;
			files = (
			);
			runOnlyForDeploymentPostprocessing = 0;
		};
/* End PBXResourcesBuildPhase section */

/* Begin PBXShellScriptBuildPhase section */
		BC09FC7026BDAEF5001876E0 /* ShellScript */ = {
			isa = PBXShellScriptBuildPhase;
			buildActionMask = 2147483647;
			files = (
			);
			inputFileListPaths = (
			);
			inputPaths = (
			);
			outputFileListPaths = (
			);
			outputPaths = (
			);
			runOnlyForDeploymentPostprocessing = 0;
			shellPath = /bin/sh;
			shellScript = "cd BuildTools\nSDKROOT=macosx\n#swift package update #Uncomment this line temporarily to update the version used to the latest matching your BuildTools/Package.swift file\nswift run -c release swiftformat \"$SRCROOT\" --swiftversion 5.4\n";
		};
/* End PBXShellScriptBuildPhase section */

/* Begin PBXSourcesBuildPhase section */
		BC0442C6268AD92F00B49CC8 /* Sources */ = {
			isa = PBXSourcesBuildPhase;
			buildActionMask = 2147483647;
			files = (
				BC8E2C3D26B89CC6008619F7 /* ItemAttackListener.swift in Sources */,
				BCD4D0D526963B1200E991B5 /* ActorTabbedView.swift in Sources */,
				BCE0858A268FD15F00026F46 /* ActorModel.swift in Sources */,
				BC914C3B26BC82EB00296E8D /* ItemAttackButtonStyle.swift in Sources */,
				BC8E2C4126B89CE6008619F7 /* ItemConsumeListener.swift in Sources */,
				BC0442D0268AD92F00B49CC8 /* ContentView.swift in Sources */,
				BC53CD9126A76B590021C176 /* CharacterInventoryView.swift in Sources */,
				BC8E2C4526B89D16008619F7 /* WorldDataListener.swift in Sources */,
				BC8E2C3726B89C98008619F7 /* ActorListener.swift in Sources */,
				BC914C4326BC9EF900296E8D /* SpellItemAttackSheetView.swift in Sources */,
				BC914C3D26BC832200296E8D /* ItemDamageButtonStyle.swift in Sources */,
				BC914C4126BC954300296E8D /* SpellDialogListener.swift in Sources */,
				BC8E2C3126B89C4D008619F7 /* ConnectionListener.swift in Sources */,
				BC20163526A0FABD009C1CB6 /* AbilityRollModel.swift in Sources */,
				BC8E2C3326B89C6B008619F7 /* UsersListener.swift in Sources */,
				BC914C4526BC9F1700296E8D /* SpellItemDamageSheetView.swift in Sources */,
				BC53CD9826A78BEC0021C176 /* CharacterSpellViewModel.swift in Sources */,
				BC53CD8E26A769C30021C176 /* CharacterSkillViewModel.swift in Sources */,
				BC7CC2EC26AB4E9700FE2D1E /* UserModel.swift in Sources */,
				BC8E2C4926B89F92008619F7 /* SocketListener.swift in Sources */,
				BC78373426B9DA070031BB64 /* ItemDisplayListener.swift in Sources */,
				BCCF05E026B20B00004BA09C /* ItemToolRollModel.swift in Sources */,
				BC53CD8726A7664C0021C176 /* CharacterAbilityView.swift in Sources */,
				BC8FD2CA26A23C51005ECB36 /* SkillRollModel.swift in Sources */,
				BCAA94D326BB2FEC0001FD24 /* KeyboardResponder.swift in Sources */,
				BC53CD9626A78BB20021C176 /* CharacterSpellView.swift in Sources */,
				BC0442CE268AD92F00B49CC8 /* CharacterSheetCompanionApp.swift in Sources */,
				BC78373226B9B6300031BB64 /* SocketListenerUtility.swift in Sources */,
				BC7CC2F026AB5A9500FE2D1E /* WorldDataModel.swift in Sources */,
				BCF623C426A8CBDF001B1C18 /* CharacterOverviewViewModel.swift in Sources */,
				BC914C3926BC82C300296E8D /* ItemDisplayButtonStyle.swift in Sources */,
				BC8E2C2C26B8968B008619F7 /* SpellView.swift in Sources */,
				BC8E2C3F26B89CD8008619F7 /* ItemDamageListener.swift in Sources */,
				BCCF05DE26B1EF23004BA09C /* ItemConsumeRollModel.swift in Sources */,
				BCF623BF26A8C88D001B1C18 /* ItemDisplayModel.swift in Sources */,
				BC78373C26B9F1980031BB64 /* CharacterBiographyViewModel.swift in Sources */,
				BC53CD8926A766600021C176 /* CharacterAbilityViewModel.swift in Sources */,
				BC914C4726BC9F3700296E8D /* ExpandedSpellView.swift in Sources */,
				BC4F094626AF5B7200B7E707 /* ItemDamageRollModel.swift in Sources */,
				BCE08588268F97DF00026F46 /* FoundrySocketIOManager.swift in Sources */,
				BCF623C226A8CBD0001B1C18 /* CharacterOverviewView.swift in Sources */,
				BC8E2C2826B89612008619F7 /* AbilityView.swift in Sources */,
				BC7CC2F526AB5CCD00FE2D1E /* WorldUserActorView.swift in Sources */,
				BC53CD9326A76B680021C176 /* CharacterInventoryViewModel.swift in Sources */,
				BC8E2C4326B89D04008619F7 /* ItemToolListener.swift in Sources */,
				BCAA94C826BAE72B0001FD24 /* ChatView.swift in Sources */,
				BCE008D42698E3590093EC25 /* SocketEvents.swift in Sources */,
				BC8E2C2A26B8963E008619F7 /* CheckboxToggleStyle.swift in Sources */,
				BC8E2C3B26B89CB7008619F7 /* SkillListener.swift in Sources */,
				BC78373A26B9F16E0031BB64 /* CharacterBiographyView.swift in Sources */,
				BC8E2C4E26B8A8D6008619F7 /* Stack.swift in Sources */,
				BCAA94D126BAF4850001FD24 /* ChatMessageModel.swift in Sources */,
				BC53CD8C26A769B50021C176 /* CharacterSkillView.swift in Sources */,
				BCF7F4A52694E771009E7A60 /* FoundryConnectView.swift in Sources */,
				BC7CC2F326AB5CC100FE2D1E /* WorldUserActorViewModel.swift in Sources */,
				BC8E2C3526B89C7A008619F7 /* UserActorListener.swift in Sources */,
				BC78373026B9A09A0031BB64 /* ListenerEvents.swift in Sources */,
				BC8E2C2E26B89AC0008619F7 /* InitiativeRollModel.swift in Sources */,
				BC914C3F26BC8C5700296E8D /* SpellDialogModel.swift in Sources */,
				BC7CC2EE26AB4EB300FE2D1E /* UserActorModel.swift in Sources */,
				BCAA94CA26BAE7350001FD24 /* ChatViewModel.swift in Sources */,
				BC8E2C4726B89D22008619F7 /* InitiativeListener.swift in Sources */,
				BC8E2C3926B89CA6008619F7 /* AbilityListener.swift in Sources */,
				BCAA94CC26BAF3A20001FD24 /* ChatMessageListener.swift in Sources */,
				BCE08583268F6F2D00026F46 /* FoundryConnectViewModel.swift in Sources */,
				BCD7ED0B269E2402001D9F88 /* ActorTabbedViewModel.swift in Sources */,
				BCF623BD26A8BF63001B1C18 /* ItemAttackRollModel.swift in Sources */,
			);
			runOnlyForDeploymentPostprocessing = 0;
		};
		BCF7F4B02694F054009E7A60 /* Sources */ = {
			isa = PBXSourcesBuildPhase;
			buildActionMask = 2147483647;
			files = (
				BCF7F4B72694F054009E7A60 /* UnitTests.swift in Sources */,
			);
			runOnlyForDeploymentPostprocessing = 0;
		};
/* End PBXSourcesBuildPhase section */

/* Begin PBXTargetDependency section */
		BCF7F4BA2694F054009E7A60 /* PBXTargetDependency */ = {
			isa = PBXTargetDependency;
			target = BC0442C9268AD92F00B49CC8 /* CharacterSheetCompanion */;
			targetProxy = BCF7F4B92694F054009E7A60 /* PBXContainerItemProxy */;
		};
/* End PBXTargetDependency section */

/* Begin XCBuildConfiguration section */
		BC0442ED268AD93000B49CC8 /* Debug */ = {
			isa = XCBuildConfiguration;
			buildSettings = {
				ALWAYS_SEARCH_USER_PATHS = NO;
				CLANG_ANALYZER_NONNULL = YES;
				CLANG_ANALYZER_NUMBER_OBJECT_CONVERSION = YES_AGGRESSIVE;
				CLANG_CXX_LANGUAGE_STANDARD = "gnu++14";
				CLANG_CXX_LIBRARY = "libc++";
				CLANG_ENABLE_MODULES = YES;
				CLANG_ENABLE_OBJC_ARC = YES;
				CLANG_ENABLE_OBJC_WEAK = YES;
				CLANG_WARN_BLOCK_CAPTURE_AUTORELEASING = YES;
				CLANG_WARN_BOOL_CONVERSION = YES;
				CLANG_WARN_COMMA = YES;
				CLANG_WARN_CONSTANT_CONVERSION = YES;
				CLANG_WARN_DEPRECATED_OBJC_IMPLEMENTATIONS = YES;
				CLANG_WARN_DIRECT_OBJC_ISA_USAGE = YES_ERROR;
				CLANG_WARN_DOCUMENTATION_COMMENTS = YES;
				CLANG_WARN_EMPTY_BODY = YES;
				CLANG_WARN_ENUM_CONVERSION = YES;
				CLANG_WARN_INFINITE_RECURSION = YES;
				CLANG_WARN_INT_CONVERSION = YES;
				CLANG_WARN_NON_LITERAL_NULL_CONVERSION = YES;
				CLANG_WARN_OBJC_IMPLICIT_RETAIN_SELF = YES;
				CLANG_WARN_OBJC_LITERAL_CONVERSION = YES;
				CLANG_WARN_OBJC_ROOT_CLASS = YES_ERROR;
				CLANG_WARN_QUOTED_INCLUDE_IN_FRAMEWORK_HEADER = YES;
				CLANG_WARN_RANGE_LOOP_ANALYSIS = YES;
				CLANG_WARN_STRICT_PROTOTYPES = YES;
				CLANG_WARN_SUSPICIOUS_MOVE = YES;
				CLANG_WARN_UNGUARDED_AVAILABILITY = YES_AGGRESSIVE;
				CLANG_WARN_UNREACHABLE_CODE = YES;
				CLANG_WARN__DUPLICATE_METHOD_MATCH = YES;
				COPY_PHASE_STRIP = NO;
				DEBUG_INFORMATION_FORMAT = dwarf;
				ENABLE_STRICT_OBJC_MSGSEND = YES;
				ENABLE_TESTABILITY = YES;
				GCC_C_LANGUAGE_STANDARD = gnu11;
				GCC_DYNAMIC_NO_PIC = NO;
				GCC_NO_COMMON_BLOCKS = YES;
				GCC_OPTIMIZATION_LEVEL = 0;
				GCC_PREPROCESSOR_DEFINITIONS = (
					"DEBUG=1",
					"$(inherited)",
				);
				GCC_WARN_64_TO_32_BIT_CONVERSION = YES;
				GCC_WARN_ABOUT_RETURN_TYPE = YES_ERROR;
				GCC_WARN_UNDECLARED_SELECTOR = YES;
				GCC_WARN_UNINITIALIZED_AUTOS = YES_AGGRESSIVE;
				GCC_WARN_UNUSED_FUNCTION = YES;
				GCC_WARN_UNUSED_VARIABLE = YES;
				IPHONEOS_DEPLOYMENT_TARGET = 14.5;
				MTL_ENABLE_DEBUG_INFO = INCLUDE_SOURCE;
				MTL_FAST_MATH = YES;
				ONLY_ACTIVE_ARCH = YES;
				SDKROOT = iphoneos;
				SWIFT_ACTIVE_COMPILATION_CONDITIONS = DEBUG;
				SWIFT_OPTIMIZATION_LEVEL = "-Onone";
				TARGETED_DEVICE_FAMILY = 1;
			};
			name = Debug;
		};
		BC0442EE268AD93000B49CC8 /* Release */ = {
			isa = XCBuildConfiguration;
			buildSettings = {
				ALWAYS_SEARCH_USER_PATHS = NO;
				CLANG_ANALYZER_NONNULL = YES;
				CLANG_ANALYZER_NUMBER_OBJECT_CONVERSION = YES_AGGRESSIVE;
				CLANG_CXX_LANGUAGE_STANDARD = "gnu++14";
				CLANG_CXX_LIBRARY = "libc++";
				CLANG_ENABLE_MODULES = YES;
				CLANG_ENABLE_OBJC_ARC = YES;
				CLANG_ENABLE_OBJC_WEAK = YES;
				CLANG_WARN_BLOCK_CAPTURE_AUTORELEASING = YES;
				CLANG_WARN_BOOL_CONVERSION = YES;
				CLANG_WARN_COMMA = YES;
				CLANG_WARN_CONSTANT_CONVERSION = YES;
				CLANG_WARN_DEPRECATED_OBJC_IMPLEMENTATIONS = YES;
				CLANG_WARN_DIRECT_OBJC_ISA_USAGE = YES_ERROR;
				CLANG_WARN_DOCUMENTATION_COMMENTS = YES;
				CLANG_WARN_EMPTY_BODY = YES;
				CLANG_WARN_ENUM_CONVERSION = YES;
				CLANG_WARN_INFINITE_RECURSION = YES;
				CLANG_WARN_INT_CONVERSION = YES;
				CLANG_WARN_NON_LITERAL_NULL_CONVERSION = YES;
				CLANG_WARN_OBJC_IMPLICIT_RETAIN_SELF = YES;
				CLANG_WARN_OBJC_LITERAL_CONVERSION = YES;
				CLANG_WARN_OBJC_ROOT_CLASS = YES_ERROR;
				CLANG_WARN_QUOTED_INCLUDE_IN_FRAMEWORK_HEADER = YES;
				CLANG_WARN_RANGE_LOOP_ANALYSIS = YES;
				CLANG_WARN_STRICT_PROTOTYPES = YES;
				CLANG_WARN_SUSPICIOUS_MOVE = YES;
				CLANG_WARN_UNGUARDED_AVAILABILITY = YES_AGGRESSIVE;
				CLANG_WARN_UNREACHABLE_CODE = YES;
				CLANG_WARN__DUPLICATE_METHOD_MATCH = YES;
				COPY_PHASE_STRIP = NO;
				DEBUG_INFORMATION_FORMAT = "dwarf-with-dsym";
				ENABLE_NS_ASSERTIONS = NO;
				ENABLE_STRICT_OBJC_MSGSEND = YES;
				GCC_C_LANGUAGE_STANDARD = gnu11;
				GCC_NO_COMMON_BLOCKS = YES;
				GCC_WARN_64_TO_32_BIT_CONVERSION = YES;
				GCC_WARN_ABOUT_RETURN_TYPE = YES_ERROR;
				GCC_WARN_UNDECLARED_SELECTOR = YES;
				GCC_WARN_UNINITIALIZED_AUTOS = YES_AGGRESSIVE;
				GCC_WARN_UNUSED_FUNCTION = YES;
				GCC_WARN_UNUSED_VARIABLE = YES;
				IPHONEOS_DEPLOYMENT_TARGET = 14.5;
				MTL_ENABLE_DEBUG_INFO = NO;
				MTL_FAST_MATH = YES;
				SDKROOT = iphoneos;
				SWIFT_COMPILATION_MODE = wholemodule;
				SWIFT_OPTIMIZATION_LEVEL = "-O";
				TARGETED_DEVICE_FAMILY = 1;
				VALIDATE_PRODUCT = YES;
			};
			name = Release;
		};
		BC0442F0268AD93000B49CC8 /* Debug */ = {
			isa = XCBuildConfiguration;
			buildSettings = {
				ASSETCATALOG_COMPILER_APPICON_NAME = AppIcon;
				ASSETCATALOG_COMPILER_GLOBAL_ACCENT_COLOR_NAME = AccentColor;
				CODE_SIGN_STYLE = Automatic;
				DEVELOPMENT_ASSET_PATHS = CharacterSheetCompanion/Resources/PreviewContent;
				ENABLE_PREVIEWS = YES;
				INFOPLIST_FILE = CharacterSheetCompanion/Resources/Info.plist;
				IPHONEOS_DEPLOYMENT_TARGET = 14.5;
				LD_RUNPATH_SEARCH_PATHS = (
					"$(inherited)",
					"@executable_path/Frameworks",
				);
				PRODUCT_BUNDLE_IDENTIFIER = zachsand.CharacterSheetCompanion;
				PRODUCT_NAME = "$(TARGET_NAME)";
				SWIFT_VERSION = 5.0;
				TARGETED_DEVICE_FAMILY = "1,2";
			};
			name = Debug;
		};
		BC0442F1268AD93000B49CC8 /* Release */ = {
			isa = XCBuildConfiguration;
			buildSettings = {
				ASSETCATALOG_COMPILER_APPICON_NAME = AppIcon;
				ASSETCATALOG_COMPILER_GLOBAL_ACCENT_COLOR_NAME = AccentColor;
				CODE_SIGN_STYLE = Automatic;
				DEVELOPMENT_ASSET_PATHS = CharacterSheetCompanion/Resources/PreviewContent;
				ENABLE_PREVIEWS = YES;
				INFOPLIST_FILE = CharacterSheetCompanion/Resources/Info.plist;
				IPHONEOS_DEPLOYMENT_TARGET = 14.5;
				LD_RUNPATH_SEARCH_PATHS = (
					"$(inherited)",
					"@executable_path/Frameworks",
				);
				PRODUCT_BUNDLE_IDENTIFIER = zachsand.CharacterSheetCompanion;
				PRODUCT_NAME = "$(TARGET_NAME)";
				SWIFT_VERSION = 5.0;
				TARGETED_DEVICE_FAMILY = "1,2";
			};
			name = Release;
		};
		BCF7F4BC2694F054009E7A60 /* Debug */ = {
			isa = XCBuildConfiguration;
			buildSettings = {
				BUNDLE_LOADER = "$(TEST_HOST)";
				CODE_SIGN_STYLE = Automatic;
				INFOPLIST_FILE = UnitTests/Resources/Info.plist;
				LD_RUNPATH_SEARCH_PATHS = (
					"$(inherited)",
					"@executable_path/Frameworks",
					"@loader_path/Frameworks",
				);
				PRODUCT_BUNDLE_IDENTIFIER = zachsand.UnitTests;
				PRODUCT_NAME = "$(TARGET_NAME)";
				SWIFT_VERSION = 5.0;
				TARGETED_DEVICE_FAMILY = "1,2";
				TEST_HOST = "$(BUILT_PRODUCTS_DIR)/CharacterSheetCompanion.app/CharacterSheetCompanion";
			};
			name = Debug;
		};
		BCF7F4BD2694F054009E7A60 /* Release */ = {
			isa = XCBuildConfiguration;
			buildSettings = {
				BUNDLE_LOADER = "$(TEST_HOST)";
				CODE_SIGN_STYLE = Automatic;
				INFOPLIST_FILE = UnitTests/Resources/Info.plist;
				LD_RUNPATH_SEARCH_PATHS = (
					"$(inherited)",
					"@executable_path/Frameworks",
					"@loader_path/Frameworks",
				);
				PRODUCT_BUNDLE_IDENTIFIER = zachsand.UnitTests;
				PRODUCT_NAME = "$(TARGET_NAME)";
				SWIFT_VERSION = 5.0;
				TARGETED_DEVICE_FAMILY = "1,2";
				TEST_HOST = "$(BUILT_PRODUCTS_DIR)/CharacterSheetCompanion.app/CharacterSheetCompanion";
			};
			name = Release;
		};
/* End XCBuildConfiguration section */

/* Begin XCConfigurationList section */
		BC0442C5268AD92F00B49CC8 /* Build configuration list for PBXProject "CharacterSheetCompanion" */ = {
			isa = XCConfigurationList;
			buildConfigurations = (
				BC0442ED268AD93000B49CC8 /* Debug */,
				BC0442EE268AD93000B49CC8 /* Release */,
			);
			defaultConfigurationIsVisible = 0;
			defaultConfigurationName = Release;
		};
		BC0442EF268AD93000B49CC8 /* Build configuration list for PBXNativeTarget "CharacterSheetCompanion" */ = {
			isa = XCConfigurationList;
			buildConfigurations = (
				BC0442F0268AD93000B49CC8 /* Debug */,
				BC0442F1268AD93000B49CC8 /* Release */,
			);
			defaultConfigurationIsVisible = 0;
			defaultConfigurationName = Release;
		};
		BCF7F4BB2694F054009E7A60 /* Build configuration list for PBXNativeTarget "UnitTests" */ = {
			isa = XCConfigurationList;
			buildConfigurations = (
				BCF7F4BC2694F054009E7A60 /* Debug */,
				BCF7F4BD2694F054009E7A60 /* Release */,
			);
			defaultConfigurationIsVisible = 0;
			defaultConfigurationName = Release;
		};
/* End XCConfigurationList section */

/* Begin XCRemoteSwiftPackageReference section */
		BC8E2C4A26B8A763008619F7 /* XCRemoteSwiftPackageReference "ToastUI" */ = {
			isa = XCRemoteSwiftPackageReference;
			repositoryURL = "https://github.com/quanshousio/ToastUI";
			requirement = {
				branch = master;
				kind = branch;
			};
		};
		BCE08584268F779000026F46 /* XCRemoteSwiftPackageReference "socket.io-client-swift" */ = {
			isa = XCRemoteSwiftPackageReference;
			repositoryURL = "https://github.com/socketio/socket.io-client-swift.git";
			requirement = {
				branch = master;
				kind = branch;
			};
		};
/* End XCRemoteSwiftPackageReference section */

/* Begin XCSwiftPackageProductDependency section */
		BC8E2C4B26B8A763008619F7 /* ToastUI */ = {
			isa = XCSwiftPackageProductDependency;
			package = BC8E2C4A26B8A763008619F7 /* XCRemoteSwiftPackageReference "ToastUI" */;
			productName = ToastUI;
		};
		BCE08585268F779000026F46 /* SocketIO */ = {
			isa = XCSwiftPackageProductDependency;
			package = BCE08584268F779000026F46 /* XCRemoteSwiftPackageReference "socket.io-client-swift" */;
			productName = SocketIO;
		};
/* End XCSwiftPackageProductDependency section */
	};
	rootObject = BC0442C2268AD92F00B49CC8 /* Project object */;
}
